
Microsoft Visual Studio Solution File, Format Version 12.00
# Visual Studio Version 17
VisualStudioVersion = 17.11.35222.181
MinimumVisualStudioVersion = 10.0.40219.1
Project("{F184B08F-C81C-45F6-A57F-5ABD9991F28F}") = "imtired", "imtired.vbproj", "{AEC2A287-ABB8-428C-9302-9CAA8EE7D2BC}"
EndProject
Global
	GlobalSection(SolutionConfigurationPlatforms) = preSolution
		Debug|Any CPU = Debug|Any CPU
		Release|Any CPU = Release|Any CPU
	EndGlobalSection
	GlobalSection(ProjectConfigurationPlatforms) = postSolution
		{AEC2A287-ABB8-428C-9302-9CAA8EE7D2BC}.Debug|Any CPU.ActiveCfg = Debug|Any CPU
		{AEC2A287-ABB8-428C-9302-9CAA8EE7D2BC}.Debug|Any CPU.Build.0 = Debug|Any CPU
		{AEC2A287-ABB8-428C-9302-9CAA8EE7D2BC}.Release|Any CPU.ActiveCfg = Release|Any CPU
		{AEC2A287-ABB8-428C-9302-9CAA8EE7D2BC}.Release|Any CPU.Build.0 = Release|Any CPU
	EndGlobalSection
	GlobalSection(SolutionProperties) = preSolution
		HideSolutionNode = FALSE
	EndGlobalSection
	GlobalSection(ExtensibilityGlobals) = postSolution
		SolutionGuid = {405FDD59-21BB-486F-8916-9EB784EC9845}
	EndGlobalSection
EndGlobal
